// !$*UTF8*$!
{
	archiveVersion = 1;
	classes = {
	};
	objectVersion = 50;
	objects = {

/* Begin PBXBuildFile section */
		11F9927126232B7000AEBB07 /* DistributionActionSampleApp.swift in Sources */ = {isa = PBXBuildFile; fileRef = 11F9927026232B7000AEBB07 /* DistributionActionSampleApp.swift */; };
		11F9927326232B7000AEBB07 /* ContentView.swift in Sources */ = {isa = PBXBuildFile; fileRef = 11F9927226232B7000AEBB07 /* ContentView.swift */; };
		11F9927526232B7300AEBB07 /* Assets.xcassets in Resources */ = {isa = PBXBuildFile; fileRef = 11F9927426232B7300AEBB07 /* Assets.xcassets */; };
		11F9927826232B7300AEBB07 /* Preview Assets.xcassets in Resources */ = {isa = PBXBuildFile; fileRef = 11F9927726232B7300AEBB07 /* Preview Assets.xcassets */; };
		11F9928326232B7300AEBB07 /* DistributionActionSampleTests.swift in Sources */ = {isa = PBXBuildFile; fileRef = 11F9928226232B7300AEBB07 /* DistributionActionSampleTests.swift */; };
		11F9928E26232B7300AEBB07 /* DistributionActionSampleUITests.swift in Sources */ = {isa = PBXBuildFile; fileRef = 11F9928D26232B7300AEBB07 /* DistributionActionSampleUITests.swift */; };
/* End PBXBuildFile section */

/* Begin PBXContainerItemProxy section */
		11F9927F26232B7300AEBB07 /* PBXContainerItemProxy */ = {
			isa = PBXContainerItemProxy;
			containerPortal = 11F9926526232B7000AEBB07 /* Project object */;
			proxyType = 1;
			remoteGlobalIDString = 11F9926C26232B7000AEBB07;
			remoteInfo = DistributionActionSample;
		};
		11F9928A26232B7300AEBB07 /* PBXContainerItemProxy */ = {
			isa = PBXContainerItemProxy;
			containerPortal = 11F9926526232B7000AEBB07 /* Project object */;
			proxyType = 1;
			remoteGlobalIDString = 11F9926C26232B7000AEBB07;
			remoteInfo = DistributionActionSample;
		};
/* End PBXContainerItemProxy section */

/* Begin PBXFileReference section */
		11F9926D26232B7000AEBB07 /* DistributionActionSample.app */ = {isa = PBXFileReference; explicitFileType = wrapper.application; includeInIndex = 0; path = DistributionActionSample.app; sourceTree = BUILT_PRODUCTS_DIR; };
		11F9927026232B7000AEBB07 /* DistributionActionSampleApp.swift */ = {isa = PBXFileReference; lastKnownFileType = sourcecode.swift; path = DistributionActionSampleApp.swift; sourceTree = "<group>"; };
		11F9927226232B7000AEBB07 /* ContentView.swift */ = {isa = PBXFileReference; lastKnownFileType = sourcecode.swift; path = ContentView.swift; sourceTree = "<group>"; };
		11F9927426232B7300AEBB07 /* Assets.xcassets */ = {isa = PBXFileReference; lastKnownFileType = folder.assetcatalog; path = Assets.xcassets; sourceTree = "<group>"; };
		11F9927726232B7300AEBB07 /* Preview Assets.xcassets */ = {isa = PBXFileReference; lastKnownFileType = folder.assetcatalog; path = "Preview Assets.xcassets"; sourceTree = "<group>"; };
		11F9927926232B7300AEBB07 /* Info.plist */ = {isa = PBXFileReference; lastKnownFileType = text.plist.xml; path = Info.plist; sourceTree = "<group>"; };
		11F9927E26232B7300AEBB07 /* DistributionActionSampleTests.xctest */ = {isa = PBXFileReference; explicitFileType = wrapper.cfbundle; includeInIndex = 0; path = DistributionActionSampleTests.xctest; sourceTree = BUILT_PRODUCTS_DIR; };
		11F9928226232B7300AEBB07 /* DistributionActionSampleTests.swift */ = {isa = PBXFileReference; lastKnownFileType = sourcecode.swift; path = DistributionActionSampleTests.swift; sourceTree = "<group>"; };
		11F9928426232B7300AEBB07 /* Info.plist */ = {isa = PBXFileReference; lastKnownFileType = text.plist.xml; path = Info.plist; sourceTree = "<group>"; };
		11F9928926232B7300AEBB07 /* DistributionActionSampleUITests.xctest */ = {isa = PBXFileReference; explicitFileType = wrapper.cfbundle; includeInIndex = 0; path = DistributionActionSampleUITests.xctest; sourceTree = BUILT_PRODUCTS_DIR; };
		11F9928D26232B7300AEBB07 /* DistributionActionSampleUITests.swift */ = {isa = PBXFileReference; lastKnownFileType = sourcecode.swift; path = DistributionActionSampleUITests.swift; sourceTree = "<group>"; };
		11F9928F26232B7300AEBB07 /* Info.plist */ = {isa = PBXFileReference; lastKnownFileType = text.plist.xml; path = Info.plist; sourceTree = "<group>"; };
/* End PBXFileReference section */

/* Begin PBXFrameworksBuildPhase section */
		11F9926A26232B7000AEBB07 /* Frameworks */ = {
			isa = PBXFrameworksBuildPhase;
			buildActionMask = 2147483647;
			files = (
			);
			runOnlyForDeploymentPostprocessing = 0;
		};
		11F9927B26232B7300AEBB07 /* Frameworks */ = {
			isa = PBXFrameworksBuildPhase;
			buildActionMask = 2147483647;
			files = (
			);
			runOnlyForDeploymentPostprocessing = 0;
		};
		11F9928626232B7300AEBB07 /* Frameworks */ = {
			isa = PBXFrameworksBuildPhase;
			buildActionMask = 2147483647;
			files = (
			);
			runOnlyForDeploymentPostprocessing = 0;
		};
/* End PBXFrameworksBuildPhase section */

/* Begin PBXGroup section */
		11F9926426232B7000AEBB07 = {
			isa = PBXGroup;
			children = (
				11F9926F26232B7000AEBB07 /* DistributionActionSample */,
				11F9928126232B7300AEBB07 /* DistributionActionSampleTests */,
				11F9928C26232B7300AEBB07 /* DistributionActionSampleUITests */,
				11F9926E26232B7000AEBB07 /* Products */,
			);
			sourceTree = "<group>";
		};
		11F9926E26232B7000AEBB07 /* Products */ = {
			isa = PBXGroup;
			children = (
				11F9926D26232B7000AEBB07 /* DistributionActionSample.app */,
				11F9927E26232B7300AEBB07 /* DistributionActionSampleTests.xctest */,
				11F9928926232B7300AEBB07 /* DistributionActionSampleUITests.xctest */,
			);
			name = Products;
			sourceTree = "<group>";
		};
		11F9926F26232B7000AEBB07 /* DistributionActionSample */ = {
			isa = PBXGroup;
			children = (
				11F9927026232B7000AEBB07 /* DistributionActionSampleApp.swift */,
				11F9927226232B7000AEBB07 /* ContentView.swift */,
				11F9927426232B7300AEBB07 /* Assets.xcassets */,
				11F9927926232B7300AEBB07 /* Info.plist */,
				11F9927626232B7300AEBB07 /* Preview Content */,
			);
			path = DistributionActionSample;
			sourceTree = "<group>";
		};
		11F9927626232B7300AEBB07 /* Preview Content */ = {
			isa = PBXGroup;
			children = (
				11F9927726232B7300AEBB07 /* Preview Assets.xcassets */,
			);
			path = "Preview Content";
			sourceTree = "<group>";
		};
		11F9928126232B7300AEBB07 /* DistributionActionSampleTests */ = {
			isa = PBXGroup;
			children = (
				11F9928226232B7300AEBB07 /* DistributionActionSampleTests.swift */,
				11F9928426232B7300AEBB07 /* Info.plist */,
			);
			path = DistributionActionSampleTests;
			sourceTree = "<group>";
		};
		11F9928C26232B7300AEBB07 /* DistributionActionSampleUITests */ = {
			isa = PBXGroup;
			children = (
				11F9928D26232B7300AEBB07 /* DistributionActionSampleUITests.swift */,
				11F9928F26232B7300AEBB07 /* Info.plist */,
			);
			path = DistributionActionSampleUITests;
			sourceTree = "<group>";
		};
/* End PBXGroup section */

/* Begin PBXNativeTarget section */
		11F9926C26232B7000AEBB07 /* DistributionActionSample */ = {
			isa = PBXNativeTarget;
			buildConfigurationList = 11F9929226232B7300AEBB07 /* Build configuration list for PBXNativeTarget "DistributionActionSample" */;
			buildPhases = (
				11F9926926232B7000AEBB07 /* Sources */,
				11F9926A26232B7000AEBB07 /* Frameworks */,
				11F9926B26232B7000AEBB07 /* Resources */,
			);
			buildRules = (
			);
			dependencies = (
			);
			name = DistributionActionSample;
			productName = DistributionActionSample;
			productReference = 11F9926D26232B7000AEBB07 /* DistributionActionSample.app */;
			productType = "com.apple.product-type.application";
		};
		11F9927D26232B7300AEBB07 /* DistributionActionSampleTests */ = {
			isa = PBXNativeTarget;
			buildConfigurationList = 11F9929526232B7300AEBB07 /* Build configuration list for PBXNativeTarget "DistributionActionSampleTests" */;
			buildPhases = (
				11F9927A26232B7300AEBB07 /* Sources */,
				11F9927B26232B7300AEBB07 /* Frameworks */,
				11F9927C26232B7300AEBB07 /* Resources */,
			);
			buildRules = (
			);
			dependencies = (
				11F9928026232B7300AEBB07 /* PBXTargetDependency */,
			);
			name = DistributionActionSampleTests;
			productName = DistributionActionSampleTests;
			productReference = 11F9927E26232B7300AEBB07 /* DistributionActionSampleTests.xctest */;
			productType = "com.apple.product-type.bundle.unit-test";
		};
		11F9928826232B7300AEBB07 /* DistributionActionSampleUITests */ = {
			isa = PBXNativeTarget;
			buildConfigurationList = 11F9929826232B7300AEBB07 /* Build configuration list for PBXNativeTarget "DistributionActionSampleUITests" */;
			buildPhases = (
				11F9928526232B7300AEBB07 /* Sources */,
				11F9928626232B7300AEBB07 /* Frameworks */,
				11F9928726232B7300AEBB07 /* Resources */,
			);
			buildRules = (
			);
			dependencies = (
				11F9928B26232B7300AEBB07 /* PBXTargetDependency */,
			);
			name = DistributionActionSampleUITests;
			productName = DistributionActionSampleUITests;
			productReference = 11F9928926232B7300AEBB07 /* DistributionActionSampleUITests.xctest */;
			productType = "com.apple.product-type.bundle.ui-testing";
		};
/* End PBXNativeTarget section */

/* Begin PBXProject section */
		11F9926526232B7000AEBB07 /* Project object */ = {
			isa = PBXProject;
			attributes = {
				LastSwiftUpdateCheck = 1230;
				LastUpgradeCheck = 1230;
				TargetAttributes = {
					11F9926C26232B7000AEBB07 = {
						CreatedOnToolsVersion = 12.3;
					};
					11F9927D26232B7300AEBB07 = {
						CreatedOnToolsVersion = 12.3;
						TestTargetID = 11F9926C26232B7000AEBB07;
					};
					11F9928826232B7300AEBB07 = {
						CreatedOnToolsVersion = 12.3;
						TestTargetID = 11F9926C26232B7000AEBB07;
					};
				};
			};
			buildConfigurationList = 11F9926826232B7000AEBB07 /* Build configuration list for PBXProject "DistributionActionSample" */;
			compatibilityVersion = "Xcode 9.3";
			developmentRegion = en;
			hasScannedForEncodings = 0;
			knownRegions = (
				en,
				Base,
			);
			mainGroup = 11F9926426232B7000AEBB07;
			productRefGroup = 11F9926E26232B7000AEBB07 /* Products */;
			projectDirPath = "";
			projectRoot = "";
			targets = (
				11F9926C26232B7000AEBB07 /* DistributionActionSample */,
				11F9927D26232B7300AEBB07 /* DistributionActionSampleTests */,
				11F9928826232B7300AEBB07 /* DistributionActionSampleUITests */,
			);
		};
/* End PBXProject section */

/* Begin PBXResourcesBuildPhase section */
		11F9926B26232B7000AEBB07 /* Resources */ = {
			isa = PBXResourcesBuildPhase;
			buildActionMask = 2147483647;
			files = (
				11F9927826232B7300AEBB07 /* Preview Assets.xcassets in Resources */,
				11F9927526232B7300AEBB07 /* Assets.xcassets in Resources */,
			);
			runOnlyForDeploymentPostprocessing = 0;
		};
		11F9927C26232B7300AEBB07 /* Resources */ = {
			isa = PBXResourcesBuildPhase;
			buildActionMask = 2147483647;
			files = (
			);
			runOnlyForDeploymentPostprocessing = 0;
		};
		11F9928726232B7300AEBB07 /* Resources */ = {
			isa = PBXResourcesBuildPhase;
			buildActionMask = 2147483647;
			files = (
			);
			runOnlyForDeploymentPostprocessing = 0;
		};
/* End PBXResourcesBuildPhase section */

/* Begin PBXSourcesBuildPhase section */
		11F9926926232B7000AEBB07 /* Sources */ = {
			isa = PBXSourcesBuildPhase;
			buildActionMask = 2147483647;
			files = (
				11F9927326232B7000AEBB07 /* ContentView.swift in Sources */,
				11F9927126232B7000AEBB07 /* DistributionActionSampleApp.swift in Sources */,
			);
			runOnlyForDeploymentPostprocessing = 0;
		};
		11F9927A26232B7300AEBB07 /* Sources */ = {
			isa = PBXSourcesBuildPhase;
			buildActionMask = 2147483647;
			files = (
				11F9928326232B7300AEBB07 /* DistributionActionSampleTests.swift in Sources */,
			);
			runOnlyForDeploymentPostprocessing = 0;
		};
		11F9928526232B7300AEBB07 /* Sources */ = {
			isa = PBXSourcesBuildPhase;
			buildActionMask = 2147483647;
			files = (
				11F9928E26232B7300AEBB07 /* DistributionActionSampleUITests.swift in Sources */,
			);
			runOnlyForDeploymentPostprocessing = 0;
		};
/* End PBXSourcesBuildPhase section */

/* Begin PBXTargetDependency section */
		11F9928026232B7300AEBB07 /* PBXTargetDependency */ = {
			isa = PBXTargetDependency;
			target = 11F9926C26232B7000AEBB07 /* DistributionActionSample */;
			targetProxy = 11F9927F26232B7300AEBB07 /* PBXContainerItemProxy */;
		};
		11F9928B26232B7300AEBB07 /* PBXTargetDependency */ = {
			isa = PBXTargetDependency;
			target = 11F9926C26232B7000AEBB07 /* DistributionActionSample */;
			targetProxy = 11F9928A26232B7300AEBB07 /* PBXContainerItemProxy */;
		};
/* End PBXTargetDependency section */

/* Begin XCBuildConfiguration section */
		11F9929026232B7300AEBB07 /* Debug */ = {
			isa = XCBuildConfiguration;
			buildSettings = {
				ALWAYS_SEARCH_USER_PATHS = NO;
				CLANG_ANALYZER_NONNULL = YES;
				CLANG_ANALYZER_NUMBER_OBJECT_CONVERSION = YES_AGGRESSIVE;
				CLANG_CXX_LANGUAGE_STANDARD = "gnu++14";
				CLANG_CXX_LIBRARY = "libc++";
				CLANG_ENABLE_MODULES = YES;
				CLANG_ENABLE_OBJC_ARC = YES;
				CLANG_ENABLE_OBJC_WEAK = YES;
				CLANG_WARN_BLOCK_CAPTURE_AUTORELEASING = YES;
				CLANG_WARN_BOOL_CONVERSION = YES;
				CLANG_WARN_COMMA = YES;
				CLANG_WARN_CONSTANT_CONVERSION = YES;
				CLANG_WARN_DEPRECATED_OBJC_IMPLEMENTATIONS = YES;
				CLANG_WARN_DIRECT_OBJC_ISA_USAGE = YES_ERROR;
				CLANG_WARN_DOCUMENTATION_COMMENTS = YES;
				CLANG_WARN_EMPTY_BODY = YES;
				CLANG_WARN_ENUM_CONVERSION = YES;
				CLANG_WARN_INFINITE_RECURSION = YES;
				CLANG_WARN_INT_CONVERSION = YES;
				CLANG_WARN_NON_LITERAL_NULL_CONVERSION = YES;
				CLANG_WARN_OBJC_IMPLICIT_RETAIN_SELF = YES;
				CLANG_WARN_OBJC_LITERAL_CONVERSION = YES;
				CLANG_WARN_OBJC_ROOT_CLASS = YES_ERROR;
				CLANG_WARN_QUOTED_INCLUDE_IN_FRAMEWORK_HEADER = YES;
				CLANG_WARN_RANGE_LOOP_ANALYSIS = YES;
				CLANG_WARN_STRICT_PROTOTYPES = YES;
				CLANG_WARN_SUSPICIOUS_MOVE = YES;
				CLANG_WARN_UNGUARDED_AVAILABILITY = YES_AGGRESSIVE;
				CLANG_WARN_UNREACHABLE_CODE = YES;
				CLANG_WARN__DUPLICATE_METHOD_MATCH = YES;
				COPY_PHASE_STRIP = NO;
				DEBUG_INFORMATION_FORMAT = dwarf;
				ENABLE_STRICT_OBJC_MSGSEND = YES;
				ENABLE_TESTABILITY = YES;
				GCC_C_LANGUAGE_STANDARD = gnu11;
				GCC_DYNAMIC_NO_PIC = NO;
				GCC_NO_COMMON_BLOCKS = YES;
				GCC_OPTIMIZATION_LEVEL = 0;
				GCC_PREPROCESSOR_DEFINITIONS = (
					"DEBUG=1",
					"$(inherited)",
				);
				GCC_WARN_64_TO_32_BIT_CONVERSION = YES;
				GCC_WARN_ABOUT_RETURN_TYPE = YES_ERROR;
				GCC_WARN_UNDECLARED_SELECTOR = YES;
				GCC_WARN_UNINITIALIZED_AUTOS = YES_AGGRESSIVE;
				GCC_WARN_UNUSED_FUNCTION = YES;
				GCC_WARN_UNUSED_VARIABLE = YES;
				IPHONEOS_DEPLOYMENT_TARGET = 14.3;
				MTL_ENABLE_DEBUG_INFO = INCLUDE_SOURCE;
				MTL_FAST_MATH = YES;
				ONLY_ACTIVE_ARCH = YES;
				SDKROOT = iphoneos;
				SWIFT_ACTIVE_COMPILATION_CONDITIONS = DEBUG;
				SWIFT_OPTIMIZATION_LEVEL = "-Onone";
			};
			name = Debug;
		};
		11F9929126232B7300AEBB07 /* Release */ = {
			isa = XCBuildConfiguration;
			buildSettings = {
				ALWAYS_SEARCH_USER_PATHS = NO;
				CLANG_ANALYZER_NONNULL = YES;
				CLANG_ANALYZER_NUMBER_OBJECT_CONVERSION = YES_AGGRESSIVE;
				CLANG_CXX_LANGUAGE_STANDARD = "gnu++14";
				CLANG_CXX_LIBRARY = "libc++";
				CLANG_ENABLE_MODULES = YES;
				CLANG_ENABLE_OBJC_ARC = YES;
				CLANG_ENABLE_OBJC_WEAK = YES;
				CLANG_WARN_BLOCK_CAPTURE_AUTORELEASING = YES;
				CLANG_WARN_BOOL_CONVERSION = YES;
				CLANG_WARN_COMMA = YES;
				CLANG_WARN_CONSTANT_CONVERSION = YES;
				CLANG_WARN_DEPRECATED_OBJC_IMPLEMENTATIONS = YES;
				CLANG_WARN_DIRECT_OBJC_ISA_USAGE = YES_ERROR;
				CLANG_WARN_DOCUMENTATION_COMMENTS = YES;
				CLANG_WARN_EMPTY_BODY = YES;
				CLANG_WARN_ENUM_CONVERSION = YES;
				CLANG_WARN_INFINITE_RECURSION = YES;
				CLANG_WARN_INT_CONVERSION = YES;
				CLANG_WARN_NON_LITERAL_NULL_CONVERSION = YES;
				CLANG_WARN_OBJC_IMPLICIT_RETAIN_SELF = YES;
				CLANG_WARN_OBJC_LITERAL_CONVERSION = YES;
				CLANG_WARN_OBJC_ROOT_CLASS = YES_ERROR;
				CLANG_WARN_QUOTED_INCLUDE_IN_FRAMEWORK_HEADER = YES;
				CLANG_WARN_RANGE_LOOP_ANALYSIS = YES;
				CLANG_WARN_STRICT_PROTOTYPES = YES;
				CLANG_WARN_SUSPICIOUS_MOVE = YES;
				CLANG_WARN_UNGUARDED_AVAILABILITY = YES_AGGRESSIVE;
				CLANG_WARN_UNREACHABLE_CODE = YES;
				CLANG_WARN__DUPLICATE_METHOD_MATCH = YES;
				COPY_PHASE_STRIP = NO;
				DEBUG_INFORMATION_FORMAT = "dwarf-with-dsym";
				ENABLE_NS_ASSERTIONS = NO;
				ENABLE_STRICT_OBJC_MSGSEND = YES;
				GCC_C_LANGUAGE_STANDARD = gnu11;
				GCC_NO_COMMON_BLOCKS = YES;
				GCC_WARN_64_TO_32_BIT_CONVERSION = YES;
				GCC_WARN_ABOUT_RETURN_TYPE = YES_ERROR;
				GCC_WARN_UNDECLARED_SELECTOR = YES;
				GCC_WARN_UNINITIALIZED_AUTOS = YES_AGGRESSIVE;
				GCC_WARN_UNUSED_FUNCTION = YES;
				GCC_WARN_UNUSED_VARIABLE = YES;
				IPHONEOS_DEPLOYMENT_TARGET = 14.3;
				MTL_ENABLE_DEBUG_INFO = NO;
				MTL_FAST_MATH = YES;
				SDKROOT = iphoneos;
				SWIFT_COMPILATION_MODE = wholemodule;
				SWIFT_OPTIMIZATION_LEVEL = "-O";
				VALIDATE_PRODUCT = YES;
			};
			name = Release;
		};
		11F9929326232B7300AEBB07 /* Debug */ = {
			isa = XCBuildConfiguration;
			buildSettings = {
				ASSETCATALOG_COMPILER_APPICON_NAME = AppIcon;
				ASSETCATALOG_COMPILER_GLOBAL_ACCENT_COLOR_NAME = AccentColor;
				CODE_SIGN_STYLE = Automatic;
				DEVELOPMENT_ASSET_PATHS = "\"DistributionActionSample/Preview Content\"";
				DEVELOPMENT_TEAM = WZL4GULYHV;
				ENABLE_PREVIEWS = YES;
				INFOPLIST_FILE = DistributionActionSample/Info.plist;
				IPHONEOS_DEPLOYMENT_TARGET = 14.0;
				LD_RUNPATH_SEARCH_PATHS = (
					"$(inherited)",
					"@executable_path/Frameworks",
				);
				PRODUCT_BUNDLE_IDENTIFIER = jp.factorial.DistributionActionSample;
				PRODUCT_NAME = "$(TARGET_NAME)";
				SWIFT_VERSION = 5.0;
				TARGETED_DEVICE_FAMILY = "1,2";
			};
			name = Debug;
		};
		11F9929426232B7300AEBB07 /* Release */ = {
			isa = XCBuildConfiguration;
			buildSettings = {
				ASSETCATALOG_COMPILER_APPICON_NAME = AppIcon;
				ASSETCATALOG_COMPILER_GLOBAL_ACCENT_COLOR_NAME = AccentColor;
				CODE_SIGN_STYLE = Automatic;
				DEVELOPMENT_ASSET_PATHS = "\"DistributionActionSample/Preview Content\"";
				DEVELOPMENT_TEAM = WZL4GULYHV;
				ENABLE_PREVIEWS = YES;
				INFOPLIST_FILE = DistributionActionSample/Info.plist;
				IPHONEOS_DEPLOYMENT_TARGET = 14.0;
				LD_RUNPATH_SEARCH_PATHS = (
					"$(inherited)",
					"@executable_path/Frameworks",
				);
				PRODUCT_BUNDLE_IDENTIFIER = jp.factorial.DistributionActionSample;
				PRODUCT_NAME = "$(TARGET_NAME)";
				SWIFT_VERSION = 5.0;
				TARGETED_DEVICE_FAMILY = "1,2";
			};
			name = Release;
		};
		11F9929626232B7300AEBB07 /* Debug */ = {
			isa = XCBuildConfiguration;
			buildSettings = {
				ALWAYS_EMBED_SWIFT_STANDARD_LIBRARIES = YES;
				BUNDLE_LOADER = "$(TEST_HOST)";
				CODE_SIGN_STYLE = Automatic;
				DEVELOPMENT_TEAM = WZL4GULYHV;
				INFOPLIST_FILE = DistributionActionSampleTests/Info.plist;
				IPHONEOS_DEPLOYMENT_TARGET = 14.0;
				LD_RUNPATH_SEARCH_PATHS = (
					"$(inherited)",
					"@executable_path/Frameworks",
					"@loader_path/Frameworks",
				);
				PRODUCT_BUNDLE_IDENTIFIER = jp.factorial.DistributionActionSampleTests;
				PRODUCT_NAME = "$(TARGET_NAME)";
				SWIFT_VERSION = 5.0;
				TARGETED_DEVICE_FAMILY = "1,2";
				TEST_HOST = "$(BUILT_PRODUCTS_DIR)/DistributionActionSample.app/DistributionActionSample";
			};
			name = Debug;
		};
		11F9929726232B7300AEBB07 /* Release */ = {
			isa = XCBuildConfiguration;
			buildSettings = {
				ALWAYS_EMBED_SWIFT_STANDARD_LIBRARIES = YES;
				BUNDLE_LOADER = "$(TEST_HOST)";
				CODE_SIGN_STYLE = Automatic;
				DEVELOPMENT_TEAM = WZL4GULYHV;
				INFOPLIST_FILE = DistributionActionSampleTests/Info.plist;
				IPHONEOS_DEPLOYMENT_TARGET = 14.0;
				LD_RUNPATH_SEARCH_PATHS = (
					"$(inherited)",
					"@executable_path/Frameworks",
					"@loader_path/Frameworks",
				);
				PRODUCT_BUNDLE_IDENTIFIER = jp.factorial.DistributionActionSampleTests;
				PRODUCT_NAME = "$(TARGET_NAME)";
				SWIFT_VERSION = 5.0;
				TARGETED_DEVICE_FAMILY = "1,2";
				TEST_HOST = "$(BUILT_PRODUCTS_DIR)/DistributionActionSample.app/DistributionActionSample";
			};
			name = Release;
		};
		11F9929926232B7300AEBB07 /* Debug */ = {
			isa = XCBuildConfiguration;
			buildSettings = {
				ALWAYS_EMBED_SWIFT_STANDARD_LIBRARIES = YES;
				CODE_SIGN_STYLE = Automatic;
				DEVELOPMENT_TEAM = WZL4GULYHV;
				INFOPLIST_FILE = DistributionActionSampleUITests/Info.plist;
				LD_RUNPATH_SEARCH_PATHS = (
					"$(inherited)",
					"@executable_path/Frameworks",
					"@loader_path/Frameworks",
				);
				PRODUCT_BUNDLE_IDENTIFIER = jp.factorial.DistributionActionSampleUITests;
				PRODUCT_NAME = "$(TARGET_NAME)";
				SWIFT_VERSION = 5.0;
				TARGETED_DEVICE_FAMILY = "1,2";
				TEST_TARGET_NAME = DistributionActionSample;
			};
			name = Debug;
		};
		11F9929A26232B7300AEBB07 /* Release */ = {
			isa = XCBuildConfiguration;
			buildSettings = {
				ALWAYS_EMBED_SWIFT_STANDARD_LIBRARIES = YES;
				CODE_SIGN_STYLE = Automatic;
				DEVELOPMENT_TEAM = WZL4GULYHV;
				INFOPLIST_FILE = DistributionActionSampleUITests/Info.plist;
				LD_RUNPATH_SEARCH_PATHS = (
					"$(inherited)",
					"@executable_path/Frameworks",
					"@loader_path/Frameworks",
				);
				PRODUCT_BUNDLE_IDENTIFIER = jp.factorial.DistributionActionSampleUITests;
				PRODUCT_NAME = "$(TARGET_NAME)";
				SWIFT_VERSION = 5.0;
				TARGETED_DEVICE_FAMILY = "1,2";
				TEST_TARGET_NAME = DistributionActionSample;
			};
			name = Release;
		};
/* End XCBuildConfiguration section */

/* Begin XCConfigurationList section */
		11F9926826232B7000AEBB07 /* Build configuration list for PBXProject "DistributionActionSample" */ = {
			isa = XCConfigurationList;
			buildConfigurations = (
				11F9929026232B7300AEBB07 /* Debug */,
				11F9929126232B7300AEBB07 /* Release */,
			);
			defaultConfigurationIsVisible = 0;
			defaultConfigurationName = Release;
		};
		11F9929226232B7300AEBB07 /* Build configuration list for PBXNativeTarget "DistributionActionSample" */ = {
			isa = XCConfigurationList;
			buildConfigurations = (
				11F9929326232B7300AEBB07 /* Debug */,
				11F9929426232B7300AEBB07 /* Release */,
			);
			defaultConfigurationIsVisible = 0;
			defaultConfigurationName = Release;
		};
		11F9929526232B7300AEBB07 /* Build configuration list for PBXNativeTarget "DistributionActionSampleTests" */ = {
			isa = XCConfigurationList;
			buildConfigurations = (
				11F9929626232B7300AEBB07 /* Debug */,
				11F9929726232B7300AEBB07 /* Release */,
			);
			defaultConfigurationIsVisible = 0;
			defaultConfigurationName = Release;
		};
		11F9929826232B7300AEBB07 /* Build configuration list for PBXNativeTarget "DistributionActionSampleUITests" */ = {
			isa = XCConfigurationList;
			buildConfigurations = (
				11F9929926232B7300AEBB07 /* Debug */,
				11F9929A26232B7300AEBB07 /* Release */,
			);
			defaultConfigurationIsVisible = 0;
			defaultConfigurationName = Release;
		};
/* End XCConfigurationList section */
	};
	rootObject = 11F9926526232B7000AEBB07 /* Project object */;
}
